
Microsoft Visual Studio Solution File, Format Version 12.00
Project("{FAE04EC0-301F-11D3-BF4B-00C04F79EFBC}") = "UniDB", "UniDB\UniDB.csproj", "{FAFF0A82-B423-43AE-B8A3-8FB989655F87}"
EndProject
Global
	GlobalSection(SolutionConfigurationPlatforms) = preSolution
		Debug|Any CPU = Debug|Any CPU
		Release|Any CPU = Release|Any CPU
	EndGlobalSection
	GlobalSection(ProjectConfigurationPlatforms) = postSolution
		{FAFF0A82-B423-43AE-B8A3-8FB989655F87}.Debug|Any CPU.ActiveCfg = Debug|Any CPU
		{FAFF0A82-B423-43AE-B8A3-8FB989655F87}.Debug|Any CPU.Build.0 = Debug|Any CPU
		{FAFF0A82-B423-43AE-B8A3-8FB989655F87}.Release|Any CPU.ActiveCfg = Release|Any CPU
		{FAFF0A82-B423-43AE-B8A3-8FB989655F87}.Release|Any CPU.Build.0 = Release|Any CPU
	EndGlobalSection
EndGlobal
